
Microsoft Visual Studio Solution File, Format Version 12.00
# Visual Studio Version 17
VisualStudioVersion = 17.14.37111.16 d17.14
MinimumVisualStudioVersion = 10.0.40219.1
Project("{FAE04EC0-301F-11D3-BF4B-00C04F79EFBC}") = "ChildernOfTheBible", "ChildernOfTheBible\ChildernOfTheBible.csproj", "{3D054C22-C377-46EC-9457-0877C8047440}"
EndProject
Global
	GlobalSection(SolutionConfigurationPlatforms) = preSolution
		Debug|Any CPU = Debug|Any CPU
		Release|Any CPU = Release|Any CPU
	EndGlobalSection
	GlobalSection(ProjectConfigurationPlatforms) = postSolution
		{3D054C22-C377-46EC-9457-0877C8047440}.Debug|Any CPU.ActiveCfg = Debug|Any CPU
		{3D054C22-C377-46EC-9457-0877C8047440}.Debug|Any CPU.Build.0 = Debug|Any CPU
		{3D054C22-C377-46EC-9457-0877C8047440}.Release|Any CPU.ActiveCfg = Release|Any CPU
		{3D054C22-C377-46EC-9457-0877C8047440}.Release|Any CPU.Build.0 = Release|Any CPU
	EndGlobalSection
	GlobalSection(SolutionProperties) = preSolution
		HideSolutionNode = FALSE
	EndGlobalSection
	GlobalSection(ExtensibilityGlobals) = postSolution
		SolutionGuid = {8DE0A84B-FDC0-4035-981D-B04060E2A2CC}
	EndGlobalSection
EndGlobal
